// !$*UTF8*$!
{
	archiveVersion = 1;
	classes = {
	};
	objectVersion = 50;
	objects = {

/* Begin PBXBuildFile section */
		C71A6CFE9BF70409B3F82D05 /* Pods_iOS_Weather_App.framework in Frameworks */ = {isa = PBXBuildFile; fileRef = 148CB8C9F13EF2E2D4CA9418 /* Pods_iOS_Weather_App.framework */; };
		DD01578B218210220079BC1E /* AppDelegate.swift in Sources */ = {isa = PBXBuildFile; fileRef = DD01578A218210220079BC1E /* AppDelegate.swift */; };
		DD01578D218210220079BC1E /* WeatherDisplayViewController.swift in Sources */ = {isa = PBXBuildFile; fileRef = DD01578C218210220079BC1E /* WeatherDisplayViewController.swift */; };
		DD015790218210220079BC1E /* Main.storyboard in Resources */ = {isa = PBXBuildFile; fileRef = DD01578E218210220079BC1E /* Main.storyboard */; };
		DD015792218210240079BC1E /* Assets.xcassets in Resources */ = {isa = PBXBuildFile; fileRef = DD015791218210240079BC1E /* Assets.xcassets */; };
		DD015795218210240079BC1E /* LaunchScreen.storyboard in Resources */ = {isa = PBXBuildFile; fileRef = DD015793218210240079BC1E /* LaunchScreen.storyboard */; };
		DD0157A1218236CF0079BC1E /* API Keys.swift in Sources */ = {isa = PBXBuildFile; fileRef = DD0157A0218236CF0079BC1E /* API Keys.swift */; };
		DDC485702183890D0072BEA3 /* LocationSelectorViewController.swift in Sources */ = {isa = PBXBuildFile; fileRef = DDC4856F2183890D0072BEA3 /* LocationSelectorViewController.swift */; };
		DDC4857621838FBD0072BEA3 /* Weather Data.swift in Sources */ = {isa = PBXBuildFile; fileRef = DDC4857521838FBD0072BEA3 /* Weather Data.swift */; };
		DDC4857821838FD00072BEA3 /* Geocoding Data.swift in Sources */ = {isa = PBXBuildFile; fileRef = DDC4857721838FD00072BEA3 /* Geocoding Data.swift */; };
		DDC4857A21874D6B0072BEA3 /* API Manager.swift in Sources */ = {isa = PBXBuildFile; fileRef = DDC4857921874D6B0072BEA3 /* API Manager.swift */; };
/* End PBXBuildFile section */

/* Begin PBXFileReference section */
		0D4CDEFAF8FEDED1EC25D8E0 /* Pods-iOS Weather App.release.xcconfig */ = {isa = PBXFileReference; includeInIndex = 1; lastKnownFileType = text.xcconfig; name = "Pods-iOS Weather App.release.xcconfig"; path = "Pods/Target Support Files/Pods-iOS Weather App/Pods-iOS Weather App.release.xcconfig"; sourceTree = "<group>"; };
		148CB8C9F13EF2E2D4CA9418 /* Pods_iOS_Weather_App.framework */ = {isa = PBXFileReference; explicitFileType = wrapper.framework; includeInIndex = 0; path = Pods_iOS_Weather_App.framework; sourceTree = BUILT_PRODUCTS_DIR; };
		DD015787218210220079BC1E /* iOS Weather App.app */ = {isa = PBXFileReference; explicitFileType = wrapper.application; includeInIndex = 0; path = "iOS Weather App.app"; sourceTree = BUILT_PRODUCTS_DIR; };
		DD01578A218210220079BC1E /* AppDelegate.swift */ = {isa = PBXFileReference; lastKnownFileType = sourcecode.swift; path = AppDelegate.swift; sourceTree = "<group>"; };
		DD01578C218210220079BC1E /* WeatherDisplayViewController.swift */ = {isa = PBXFileReference; lastKnownFileType = sourcecode.swift; path = WeatherDisplayViewController.swift; sourceTree = "<group>"; };
		DD01578F218210220079BC1E /* Base */ = {isa = PBXFileReference; lastKnownFileType = file.storyboard; name = Base; path = Base.lproj/Main.storyboard; sourceTree = "<group>"; };
		DD015791218210240079BC1E /* Assets.xcassets */ = {isa = PBXFileReference; lastKnownFileType = folder.assetcatalog; path = Assets.xcassets; sourceTree = "<group>"; };
		DD015794218210240079BC1E /* Base */ = {isa = PBXFileReference; lastKnownFileType = file.storyboard; name = Base; path = Base.lproj/LaunchScreen.storyboard; sourceTree = "<group>"; };
		DD015796218210240079BC1E /* Info.plist */ = {isa = PBXFileReference; lastKnownFileType = text.plist.xml; path = Info.plist; sourceTree = "<group>"; };
		DD0157A0218236CF0079BC1E /* API Keys.swift */ = {isa = PBXFileReference; lastKnownFileType = sourcecode.swift; path = "API Keys.swift"; sourceTree = "<group>"; };
		DDC4856F2183890D0072BEA3 /* LocationSelectorViewController.swift */ = {isa = PBXFileReference; lastKnownFileType = sourcecode.swift; path = LocationSelectorViewController.swift; sourceTree = "<group>"; };
		DDC4857521838FBD0072BEA3 /* Weather Data.swift */ = {isa = PBXFileReference; lastKnownFileType = sourcecode.swift; path = "Weather Data.swift"; sourceTree = "<group>"; };
		DDC4857721838FD00072BEA3 /* Geocoding Data.swift */ = {isa = PBXFileReference; lastKnownFileType = sourcecode.swift; path = "Geocoding Data.swift"; sourceTree = "<group>"; };
		DDC4857921874D6B0072BEA3 /* API Manager.swift */ = {isa = PBXFileReference; lastKnownFileType = sourcecode.swift; path = "API Manager.swift"; sourceTree = "<group>"; };
		FECBD4C920CCD360BC69DEBE /* Pods-iOS Weather App.debug.xcconfig */ = {isa = PBXFileReference; includeInIndex = 1; lastKnownFileType = text.xcconfig; name = "Pods-iOS Weather App.debug.xcconfig"; path = "Pods/Target Support Files/Pods-iOS Weather App/Pods-iOS Weather App.debug.xcconfig"; sourceTree = "<group>"; };
/* End PBXFileReference section */

/* Begin PBXFrameworksBuildPhase section */
		DD015784218210220079BC1E /* Frameworks */ = {
			isa = PBXFrameworksBuildPhase;
			buildActionMask = 2147483647;
			files = (
				C71A6CFE9BF70409B3F82D05 /* Pods_iOS_Weather_App.framework in Frameworks */,
			);
			runOnlyForDeploymentPostprocessing = 0;
		};
/* End PBXFrameworksBuildPhase section */

/* Begin PBXGroup section */
		4F2F35257535006D3AEDB2D3 /* Pods */ = {
			isa = PBXGroup;
			children = (
				FECBD4C920CCD360BC69DEBE /* Pods-iOS Weather App.debug.xcconfig */,
				0D4CDEFAF8FEDED1EC25D8E0 /* Pods-iOS Weather App.release.xcconfig */,
			);
			name = Pods;
			sourceTree = "<group>";
		};
		7CBC5ADAE15E9C59CEF2F0C7 /* Frameworks */ = {
			isa = PBXGroup;
			children = (
				148CB8C9F13EF2E2D4CA9418 /* Pods_iOS_Weather_App.framework */,
			);
			name = Frameworks;
			sourceTree = "<group>";
		};
		DD01577E218210220079BC1E = {
			isa = PBXGroup;
			children = (
				DD015789218210220079BC1E /* iOS Weather App */,
				DD015788218210220079BC1E /* Products */,
				4F2F35257535006D3AEDB2D3 /* Pods */,
				7CBC5ADAE15E9C59CEF2F0C7 /* Frameworks */,
			);
			sourceTree = "<group>";
		};
		DD015788218210220079BC1E /* Products */ = {
			isa = PBXGroup;
			children = (
				DD015787218210220079BC1E /* iOS Weather App.app */,
			);
			name = Products;
			sourceTree = "<group>";
		};
		DD015789218210220079BC1E /* iOS Weather App */ = {
			isa = PBXGroup;
			children = (
				DD01578A218210220079BC1E /* AppDelegate.swift */,
				DD015796218210240079BC1E /* Info.plist */,
				DD015791218210240079BC1E /* Assets.xcassets */,
				DDC4857421838F220072BEA3 /* Utilities */,
				DDC4857321838F1B0072BEA3 /* Data Models */,
				DDC4857221838ECC0072BEA3 /* Storyboards */,
				DDC4857121838EB80072BEA3 /* View Controller */,
			);
			path = "iOS Weather App";
			sourceTree = "<group>";
		};
		DDC4857121838EB80072BEA3 /* View Controller */ = {
			isa = PBXGroup;
			children = (
				DD01578C218210220079BC1E /* WeatherDisplayViewController.swift */,
				DDC4856F2183890D0072BEA3 /* LocationSelectorViewController.swift */,
			);
			path = "View Controller";
			sourceTree = "<group>";
		};
		DDC4857221838ECC0072BEA3 /* Storyboards */ = {
			isa = PBXGroup;
			children = (
				DD01578E218210220079BC1E /* Main.storyboard */,
				DD015793218210240079BC1E /* LaunchScreen.storyboard */,
			);
			path = Storyboards;
			sourceTree = "<group>";
		};
		DDC4857321838F1B0072BEA3 /* Data Models */ = {
			isa = PBXGroup;
			children = (
				DDC4857521838FBD0072BEA3 /* Weather Data.swift */,
				DDC4857721838FD00072BEA3 /* Geocoding Data.swift */,
			);
			path = "Data Models";
			sourceTree = "<group>";
		};
		DDC4857421838F220072BEA3 /* Utilities */ = {
			isa = PBXGroup;
			children = (
				DD0157A0218236CF0079BC1E /* API Keys.swift */,
				DDC4857921874D6B0072BEA3 /* API Manager.swift */,
			);
			path = Utilities;
			sourceTree = "<group>";
		};
/* End PBXGroup section */

/* Begin PBXNativeTarget section */
		DD015786218210220079BC1E /* iOS Weather App */ = {
			isa = PBXNativeTarget;
			buildConfigurationList = DD015799218210240079BC1E /* Build configuration list for PBXNativeTarget "iOS Weather App" */;
			buildPhases = (
				BC65AB20AB234E9DCB2E1DAC /* [CP] Check Pods Manifest.lock */,
				DD015783218210220079BC1E /* Sources */,
				DD015784218210220079BC1E /* Frameworks */,
				DD015785218210220079BC1E /* Resources */,
				DD3EAAABC98C0212384C09E1 /* [CP] Embed Pods Frameworks */,
			);
			buildRules = (
			);
			dependencies = (
			);
			name = "iOS Weather App";
			productName = "iOS Weather App";
			productReference = DD015787218210220079BC1E /* iOS Weather App.app */;
			productType = "com.apple.product-type.application";
		};
/* End PBXNativeTarget section */

/* Begin PBXProject section */
		DD01577F218210220079BC1E /* Project object */ = {
			isa = PBXProject;
			attributes = {
				LastSwiftUpdateCheck = 1000;
				LastUpgradeCheck = 1000;
				ORGANIZATIONNAME = "Mason Nesbitt";
				TargetAttributes = {
					DD015786218210220079BC1E = {
						CreatedOnToolsVersion = 10.0;
					};
				};
			};
			buildConfigurationList = DD015782218210220079BC1E /* Build configuration list for PBXProject "iOS Weather App" */;
			compatibilityVersion = "Xcode 9.3";
			developmentRegion = en;
			hasScannedForEncodings = 0;
			knownRegions = (
				en,
				Base,
			);
			mainGroup = DD01577E218210220079BC1E;
			productRefGroup = DD015788218210220079BC1E /* Products */;
			projectDirPath = "";
			projectRoot = "";
			targets = (
				DD015786218210220079BC1E /* iOS Weather App */,
			);
		};
/* End PBXProject section */

/* Begin PBXResourcesBuildPhase section */
		DD015785218210220079BC1E /* Resources */ = {
			isa = PBXResourcesBuildPhase;
			buildActionMask = 2147483647;
			files = (
				DD015795218210240079BC1E /* LaunchScreen.storyboard in Resources */,
				DD015792218210240079BC1E /* Assets.xcassets in Resources */,
				DD015790218210220079BC1E /* Main.storyboard in Resources */,
			);
			runOnlyForDeploymentPostprocessing = 0;
		};
/* End PBXResourcesBuildPhase section */

/* Begin PBXShellScriptBuildPhase section */
		BC65AB20AB234E9DCB2E1DAC /* [CP] Check Pods Manifest.lock */ = {
			isa = PBXShellScriptBuildPhase;
			buildActionMask = 2147483647;
			files = (
			);
			inputPaths = (
				"${PODS_PODFILE_DIR_PATH}/Podfile.lock",
				"${PODS_ROOT}/Manifest.lock",
			);
			name = "[CP] Check Pods Manifest.lock";
			outputPaths = (
				"$(DERIVED_FILE_DIR)/Pods-iOS Weather App-checkManifestLockResult.txt",
			);
			runOnlyForDeploymentPostprocessing = 0;
			shellPath = /bin/sh;
			shellScript = "diff \"${PODS_PODFILE_DIR_PATH}/Podfile.lock\" \"${PODS_ROOT}/Manifest.lock\" > /dev/null\nif [ $? != 0 ] ; then\n    # print error to STDERR\n    echo \"error: The sandbox is not in sync with the Podfile.lock. Run 'pod install' or update your CocoaPods installation.\" >&2\n    exit 1\nfi\n# This output is used by Xcode 'outputs' to avoid re-running this script phase.\necho \"SUCCESS\" > \"${SCRIPT_OUTPUT_FILE_0}\"\n";
			showEnvVarsInLog = 0;
		};
		DD3EAAABC98C0212384C09E1 /* [CP] Embed Pods Frameworks */ = {
			isa = PBXShellScriptBuildPhase;
			buildActionMask = 2147483647;
			files = (
			);
			inputPaths = (
				"${SRCROOT}/Pods/Target Support Files/Pods-iOS Weather App/Pods-iOS Weather App-frameworks.sh",
				"${BUILT_PRODUCTS_DIR}/Alamofire/Alamofire.framework",
				"${BUILT_PRODUCTS_DIR}/SwiftyJSON/SwiftyJSON.framework",
			);
			name = "[CP] Embed Pods Frameworks";
			outputPaths = (
				"${TARGET_BUILD_DIR}/${FRAMEWORKS_FOLDER_PATH}/Alamofire.framework",
				"${TARGET_BUILD_DIR}/${FRAMEWORKS_FOLDER_PATH}/SwiftyJSON.framework",
			);
			runOnlyForDeploymentPostprocessing = 0;
			shellPath = /bin/sh;
			shellScript = "\"${SRCROOT}/Pods/Target Support Files/Pods-iOS Weather App/Pods-iOS Weather App-frameworks.sh\"\n";
			showEnvVarsInLog = 0;
		};
/* End PBXShellScriptBuildPhase section */

/* Begin PBXSourcesBuildPhase section */
		DD015783218210220079BC1E /* Sources */ = {
			isa = PBXSourcesBuildPhase;
			buildActionMask = 2147483647;
			files = (
				DDC4857621838FBD0072BEA3 /* Weather Data.swift in Sources */,
				DDC485702183890D0072BEA3 /* LocationSelectorViewController.swift in Sources */,
				DD01578D218210220079BC1E /* WeatherDisplayViewController.swift in Sources */,
				DD0157A1218236CF0079BC1E /* API Keys.swift in Sources */,
				DDC4857821838FD00072BEA3 /* Geocoding Data.swift in Sources */,
				DD01578B218210220079BC1E /* AppDelegate.swift in Sources */,
				DDC4857A21874D6B0072BEA3 /* API Manager.swift in Sources */,
			);
			runOnlyForDeploymentPostprocessing = 0;
		};
/* End PBXSourcesBuildPhase section */

/* Begin PBXVariantGroup section */
		DD01578E218210220079BC1E /* Main.storyboard */ = {
			isa = PBXVariantGroup;
			children = (
				DD01578F218210220079BC1E /* Base */,
			);
			name = Main.storyboard;
			sourceTree = "<group>";
		};
		DD015793218210240079BC1E /* LaunchScreen.storyboard */ = {
			isa = PBXVariantGroup;
			children = (
				DD015794218210240079BC1E /* Base */,
			);
			name = LaunchScreen.storyboard;
			sourceTree = "<group>";
		};
/* End PBXVariantGroup section */

/* Begin XCBuildConfiguration section */
		DD015797218210240079BC1E /* Debug */ = {
			isa = XCBuildConfiguration;
			buildSettings = {
				ALWAYS_SEARCH_USER_PATHS = NO;
				CLANG_ANALYZER_NONNULL = YES;
				CLANG_ANALYZER_NUMBER_OBJECT_CONVERSION = YES_AGGRESSIVE;
				CLANG_CXX_LANGUAGE_STANDARD = "gnu++14";
				CLANG_CXX_LIBRARY = "libc++";
				CLANG_ENABLE_MODULES = YES;
				CLANG_ENABLE_OBJC_ARC = YES;
				CLANG_ENABLE_OBJC_WEAK = YES;
				CLANG_WARN_BLOCK_CAPTURE_AUTORELEASING = YES;
				CLANG_WARN_BOOL_CONVERSION = YES;
				CLANG_WARN_COMMA = YES;
				CLANG_WARN_CONSTANT_CONVERSION = YES;
				CLANG_WARN_DEPRECATED_OBJC_IMPLEMENTATIONS = YES;
				CLANG_WARN_DIRECT_OBJC_ISA_USAGE = YES_ERROR;
				CLANG_WARN_DOCUMENTATION_COMMENTS = YES;
				CLANG_WARN_EMPTY_BODY = YES;
				CLANG_WARN_ENUM_CONVERSION = YES;
				CLANG_WARN_INFINITE_RECURSION = YES;
				CLANG_WARN_INT_CONVERSION = YES;
				CLANG_WARN_NON_LITERAL_NULL_CONVERSION = YES;
				CLANG_WARN_OBJC_IMPLICIT_RETAIN_SELF = YES;
				CLANG_WARN_OBJC_LITERAL_CONVERSION = YES;
				CLANG_WARN_OBJC_ROOT_CLASS = YES_ERROR;
				CLANG_WARN_RANGE_LOOP_ANALYSIS = YES;
				CLANG_WARN_STRICT_PROTOTYPES = YES;
				CLANG_WARN_SUSPICIOUS_MOVE = YES;
				CLANG_WARN_UNGUARDED_AVAILABILITY = YES_AGGRESSIVE;
				CLANG_WARN_UNREACHABLE_CODE = YES;
				CLANG_WARN__DUPLICATE_METHOD_MATCH = YES;
				CODE_SIGN_IDENTITY = "iPhone Developer";
				COPY_PHASE_STRIP = NO;
				DEBUG_INFORMATION_FORMAT = dwarf;
				ENABLE_STRICT_OBJC_MSGSEND = YES;
				ENABLE_TESTABILITY = YES;
				GCC_C_LANGUAGE_STANDARD = gnu11;
				GCC_DYNAMIC_NO_PIC = NO;
				GCC_NO_COMMON_BLOCKS = YES;
				GCC_OPTIMIZATION_LEVEL = 0;
				GCC_PREPROCESSOR_DEFINITIONS = (
					"DEBUG=1",
					"$(inherited)",
				);
				GCC_WARN_64_TO_32_BIT_CONVERSION = YES;
				GCC_WARN_ABOUT_RETURN_TYPE = YES_ERROR;
				GCC_WARN_UNDECLARED_SELECTOR = YES;
				GCC_WARN_UNINITIALIZED_AUTOS = YES_AGGRESSIVE;
				GCC_WARN_UNUSED_FUNCTION = YES;
				GCC_WARN_UNUSED_VARIABLE = YES;
				IPHONEOS_DEPLOYMENT_TARGET = 12.0;
				MTL_ENABLE_DEBUG_INFO = INCLUDE_SOURCE;
				MTL_FAST_MATH = YES;
				ONLY_ACTIVE_ARCH = YES;
				SDKROOT = iphoneos;
				SWIFT_ACTIVE_COMPILATION_CONDITIONS = DEBUG;
				SWIFT_OPTIMIZATION_LEVEL = "-Onone";
			};
			name = Debug;
		};
		DD015798218210240079BC1E /* Release */ = {
			isa = XCBuildConfiguration;
			buildSettings = {
				ALWAYS_SEARCH_USER_PATHS = NO;
				CLANG_ANALYZER_NONNULL = YES;
				CLANG_ANALYZER_NUMBER_OBJECT_CONVERSION = YES_AGGRESSIVE;
				CLANG_CXX_LANGUAGE_STANDARD = "gnu++14";
				CLANG_CXX_LIBRARY = "libc++";
				CLANG_ENABLE_MODULES = YES;
				CLANG_ENABLE_OBJC_ARC = YES;
				CLANG_ENABLE_OBJC_WEAK = YES;
				CLANG_WARN_BLOCK_CAPTURE_AUTORELEASING = YES;
				CLANG_WARN_BOOL_CONVERSION = YES;
				CLANG_WARN_COMMA = YES;
				CLANG_WARN_CONSTANT_CONVERSION = YES;
				CLANG_WARN_DEPRECATED_OBJC_IMPLEMENTATIONS = YES;
				CLANG_WARN_DIRECT_OBJC_ISA_USAGE = YES_ERROR;
				CLANG_WARN_DOCUMENTATION_COMMENTS = YES;
				CLANG_WARN_EMPTY_BODY = YES;
				CLANG_WARN_ENUM_CONVERSION = YES;
				CLANG_WARN_INFINITE_RECURSION = YES;
				CLANG_WARN_INT_CONVERSION = YES;
				CLANG_WARN_NON_LITERAL_NULL_CONVERSION = YES;
				CLANG_WARN_OBJC_IMPLICIT_RETAIN_SELF = YES;
				CLANG_WARN_OBJC_LITERAL_CONVERSION = YES;
				CLANG_WARN_OBJC_ROOT_CLASS = YES_ERROR;
				CLANG_WARN_RANGE_LOOP_ANALYSIS = YES;
				CLANG_WARN_STRICT_PROTOTYPES = YES;
				CLANG_WARN_SUSPICIOUS_MOVE = YES;
				CLANG_WARN_UNGUARDED_AVAILABILITY = YES_AGGRESSIVE;
				CLANG_WARN_UNREACHABLE_CODE = YES;
				CLANG_WARN__DUPLICATE_METHOD_MATCH = YES;
				CODE_SIGN_IDENTITY = "iPhone Developer";
				COPY_PHASE_STRIP = NO;
				DEBUG_INFORMATION_FORMAT = "dwarf-with-dsym";
				ENABLE_NS_ASSERTIONS = NO;
				ENABLE_STRICT_OBJC_MSGSEND = YES;
				GCC_C_LANGUAGE_STANDARD = gnu11;
				GCC_NO_COMMON_BLOCKS = YES;
				GCC_WARN_64_TO_32_BIT_CONVERSION = YES;
				GCC_WARN_ABOUT_RETURN_TYPE = YES_ERROR;
				GCC_WARN_UNDECLARED_SELECTOR = YES;
				GCC_WARN_UNINITIALIZED_AUTOS = YES_AGGRESSIVE;
				GCC_WARN_UNUSED_FUNCTION = YES;
				GCC_WARN_UNUSED_VARIABLE = YES;
				IPHONEOS_DEPLOYMENT_TARGET = 12.0;
				MTL_ENABLE_DEBUG_INFO = NO;
				MTL_FAST_MATH = YES;
				SDKROOT = iphoneos;
				SWIFT_COMPILATION_MODE = wholemodule;
				SWIFT_OPTIMIZATION_LEVEL = "-O";
				VALIDATE_PRODUCT = YES;
			};
			name = Release;
		};
		DD01579A218210240079BC1E /* Debug */ = {
			isa = XCBuildConfiguration;
			baseConfigurationReference = FECBD4C920CCD360BC69DEBE /* Pods-iOS Weather App.debug.xcconfig */;
			buildSettings = {
				ASSETCATALOG_COMPILER_APPICON_NAME = AppIcon;
				CODE_SIGN_STYLE = Automatic;
				INFOPLIST_FILE = "iOS Weather App/Info.plist";
				LD_RUNPATH_SEARCH_PATHS = (
					"$(inherited)",
					"@executable_path/Frameworks",
				);
				PRODUCT_BUNDLE_IDENTIFIER = "com.interapt.skills.iOS-Weather-App";
				PRODUCT_NAME = "$(TARGET_NAME)";
				SWIFT_VERSION = 4.2;
				TARGETED_DEVICE_FAMILY = 1;
			};
			name = Debug;
		};
		DD01579B218210240079BC1E /* Release */ = {
			isa = XCBuildConfiguration;
			baseConfigurationReference = 0D4CDEFAF8FEDED1EC25D8E0 /* Pods-iOS Weather App.release.xcconfig */;
			buildSettings = {
				ASSETCATALOG_COMPILER_APPICON_NAME = AppIcon;
				CODE_SIGN_STYLE = Automatic;
				INFOPLIST_FILE = "iOS Weather App/Info.plist";
				LD_RUNPATH_SEARCH_PATHS = (
					"$(inherited)",
					"@executable_path/Frameworks",
				);
				PRODUCT_BUNDLE_IDENTIFIER = "com.interapt.skills.iOS-Weather-App";
				PRODUCT_NAME = "$(TARGET_NAME)";
				SWIFT_VERSION = 4.2;
				TARGETED_DEVICE_FAMILY = 1;
			};
			name = Release;
		};
/* End XCBuildConfiguration section */

/* Begin XCConfigurationList section */
		DD015782218210220079BC1E /* Build configuration list for PBXProject "iOS Weather App" */ = {
			isa = XCConfigurationList;
			buildConfigurations = (
				DD015797218210240079BC1E /* Debug */,
				DD015798218210240079BC1E /* Release */,
			);
			defaultConfigurationIsVisible = 0;
			defaultConfigurationName = Release;
		};
		DD015799218210240079BC1E /* Build configuration list for PBXNativeTarget "iOS Weather App" */ = {
			isa = XCConfigurationList;
			buildConfigurations = (
				DD01579A218210240079BC1E /* Debug */,
				DD01579B218210240079BC1E /* Release */,
			);
			defaultConfigurationIsVisible = 0;
			defaultConfigurationName = Release;
		};
/* End XCConfigurationList section */
	};
	rootObject = DD01577F218210220079BC1E /* Project object */;
}
